PODS:
  - Flutter (1.0.0)
  - FlutterPluginRegistrant (0.0.1):
    - Flutter

DEPENDENCIES:
  - Flutter (from `../myapp/.ios/Flutter`)
  - FlutterPluginRegistrant (from `../myapp/.ios/Flutter/FlutterPluginRegistrant`)

EXTERNAL SOURCES:
  Flutter:
    :path: "../myapp/.ios/Flutter"
  FlutterPluginRegistrant:
    :path: "../myapp/.ios/Flutter/FlutterPluginRegistrant"

SPEC CHECKSUMS:
  Flutter: f04841e97a9d0b0a8025694d0796dd46242b2854
  FlutterPluginRegistrant: 58acfb6cb31ee4ca14f920aba101815efda113ee

PODFILE CHECKSUM: ced17bac73d3f268618e8776b933153c8982f808

COCOAPODS: 1.12.1
